{
  "name": "albedo",
  "lockfileVersion": 3,
  "requires": true,
  "packages": {
    "": {
      "dependencies": {
        "@albedo-link/intent": "^0.12.0"
      }
    },
    "node_modules/@albedo-link/intent": {
      "version": "0.12.0",
      "resolved": "https://registry.npmjs.org/@albedo-link/intent/-/intent-0.12.0.tgz",
      "integrity": "sha512-UlGBhi0qASDYOjLrOL4484vQ26Ee3zTK2oAgvPMClOs+1XNk3zbs3dECKZv+wqeSI8SkHow8mXLTa16eVh+dQA=="
    }
  }
}
